// !$*UTF8*$!
{
	archiveVersion = 1;
	classes = {
	};
	objectVersion = 46;
	objects = {

/* Begin PBXBuildFile section */
		CB50E7BA19453E5B00177671 /* AppDelegate.swift in Sources */ = {isa = PBXBuildFile; fileRef = CB50E7B919453E5B00177671 /* AppDelegate.swift */; };
		CB50E7BD19453E5B00177671 /* OneDay.xcdatamodeld in Sources */ = {isa = PBXBuildFile; fileRef = CB50E7BB19453E5B00177671 /* OneDay.xcdatamodeld */; };
		CB50E7BF19453E5B00177671 /* ViewController.swift in Sources */ = {isa = PBXBuildFile; fileRef = CB50E7BE19453E5B00177671 /* ViewController.swift */; };
		CB50E7C219453E5B00177671 /* Main.storyboard in Resources */ = {isa = PBXBuildFile; fileRef = CB50E7C019453E5B00177671 /* Main.storyboard */; };
		CB50E7C419453E5B00177671 /* Images.xcassets in Resources */ = {isa = PBXBuildFile; fileRef = CB50E7C319453E5B00177671 /* Images.xcassets */; };
		CB50E7D019453E5B00177671 /* OneDayTests.swift in Sources */ = {isa = PBXBuildFile; fileRef = CB50E7CF19453E5B00177671 /* OneDayTests.swift */; };
/* End PBXBuildFile section */

/* Begin PBXContainerItemProxy section */
		CB50E7CA19453E5B00177671 /* PBXContainerItemProxy */ = {
			isa = PBXContainerItemProxy;
			containerPortal = CB50E7AC19453E5B00177671 /* Project object */;
			proxyType = 1;
			remoteGlobalIDString = CB50E7B319453E5B00177671;
			remoteInfo = OneDay;
		};
/* End PBXContainerItemProxy section */

/* Begin PBXFileReference section */
		CB50E7B419453E5B00177671 /* OneDay.app */ = {isa = PBXFileReference; explicitFileType = wrapper.application; includeInIndex = 0; path = OneDay.app; sourceTree = BUILT_PRODUCTS_DIR; };
		CB50E7B819453E5B00177671 /* Info.plist */ = {isa = PBXFileReference; lastKnownFileType = text.plist.xml; path = Info.plist; sourceTree = "<group>"; };
		CB50E7B919453E5B00177671 /* AppDelegate.swift */ = {isa = PBXFileReference; lastKnownFileType = sourcecode.swift; path = AppDelegate.swift; sourceTree = "<group>"; };
		CB50E7BC19453E5B00177671 /* OneDay.xcdatamodel */ = {isa = PBXFileReference; lastKnownFileType = wrapper.xcdatamodel; path = OneDay.xcdatamodel; sourceTree = "<group>"; };
		CB50E7BE19453E5B00177671 /* ViewController.swift */ = {isa = PBXFileReference; lastKnownFileType = sourcecode.swift; path = ViewController.swift; sourceTree = "<group>"; };
		CB50E7C119453E5B00177671 /* Base */ = {isa = PBXFileReference; lastKnownFileType = file.storyboard; name = Base; path = Base.lproj/Main.storyboard; sourceTree = "<group>"; };
		CB50E7C319453E5B00177671 /* Images.xcassets */ = {isa = PBXFileReference; lastKnownFileType = folder.assetcatalog; path = Images.xcassets; sourceTree = "<group>"; };
		CB50E7C919453E5B00177671 /* OneDayTests.xctest */ = {isa = PBXFileReference; explicitFileType = wrapper.cfbundle; includeInIndex = 0; path = OneDayTests.xctest; sourceTree = BUILT_PRODUCTS_DIR; };
		CB50E7CE19453E5B00177671 /* Info.plist */ = {isa = PBXFileReference; lastKnownFileType = text.plist.xml; path = Info.plist; sourceTree = "<group>"; };
		CB50E7CF19453E5B00177671 /* OneDayTests.swift */ = {isa = PBXFileReference; lastKnownFileType = sourcecode.swift; path = OneDayTests.swift; sourceTree = "<group>"; };
/* End PBXFileReference section */

/* Begin PBXFrameworksBuildPhase section */
		CB50E7B119453E5B00177671 /* Frameworks */ = {
			isa = PBXFrameworksBuildPhase;
			buildActionMask = 2147483647;
			files = (
			);
			runOnlyForDeploymentPostprocessing = 0;
		};
		CB50E7C619453E5B00177671 /* Frameworks */ = {
			isa = PBXFrameworksBuildPhase;
			buildActionMask = 2147483647;
			files = (
			);
			runOnlyForDeploymentPostprocessing = 0;
		};
/* End PBXFrameworksBuildPhase section */

/* Begin PBXGroup section */
		CB50E7AB19453E5B00177671 = {
			isa = PBXGroup;
			children = (
				CB50E7B619453E5B00177671 /* OneDay */,
				CB50E7CC19453E5B00177671 /* OneDayTests */,
				CB50E7B519453E5B00177671 /* Products */,
			);
			sourceTree = "<group>";
		};
		CB50E7B519453E5B00177671 /* Products */ = {
			isa = PBXGroup;
			children = (
				CB50E7B419453E5B00177671 /* OneDay.app */,
				CB50E7C919453E5B00177671 /* OneDayTests.xctest */,
			);
			name = Products;
			sourceTree = "<group>";
		};
		CB50E7B619453E5B00177671 /* OneDay */ = {
			isa = PBXGroup;
			children = (
				CB50E7B919453E5B00177671 /* AppDelegate.swift */,
				CB50E7BE19453E5B00177671 /* ViewController.swift */,
				CB50E7C019453E5B00177671 /* Main.storyboard */,
				CB50E7C319453E5B00177671 /* Images.xcassets */,
				CB50E7BB19453E5B00177671 /* OneDay.xcdatamodeld */,
				CB50E7B719453E5B00177671 /* Supporting Files */,
			);
			path = OneDay;
			sourceTree = "<group>";
		};
		CB50E7B719453E5B00177671 /* Supporting Files */ = {
			isa = PBXGroup;
			children = (
				CB50E7B819453E5B00177671 /* Info.plist */,
			);
			name = "Supporting Files";
			sourceTree = "<group>";
		};
		CB50E7CC19453E5B00177671 /* OneDayTests */ = {
			isa = PBXGroup;
			children = (
				CB50E7CF19453E5B00177671 /* OneDayTests.swift */,
				CB50E7CD19453E5B00177671 /* Supporting Files */,
			);
			path = OneDayTests;
			sourceTree = "<group>";
		};
		CB50E7CD19453E5B00177671 /* Supporting Files */ = {
			isa = PBXGroup;
			children = (
				CB50E7CE19453E5B00177671 /* Info.plist */,
			);
			name = "Supporting Files";
			sourceTree = "<group>";
		};
/* End PBXGroup section */

/* Begin PBXNativeTarget section */
		CB50E7B319453E5B00177671 /* OneDay */ = {
			isa = PBXNativeTarget;
			buildConfigurationList = CB50E7D319453E5B00177671 /* Build configuration list for PBXNativeTarget "OneDay" */;
			buildPhases = (
				CB50E7B019453E5B00177671 /* Sources */,
				CB50E7B119453E5B00177671 /* Frameworks */,
				CB50E7B219453E5B00177671 /* Resources */,
			);
			buildRules = (
			);
			dependencies = (
			);
			name = OneDay;
			productName = OneDay;
			productReference = CB50E7B419453E5B00177671 /* OneDay.app */;
			productType = "com.apple.product-type.application";
		};
		CB50E7C819453E5B00177671 /* OneDayTests */ = {
			isa = PBXNativeTarget;
			buildConfigurationList = CB50E7D619453E5B00177671 /* Build configuration list for PBXNativeTarget "OneDayTests" */;
			buildPhases = (
				CB50E7C519453E5B00177671 /* Sources */,
				CB50E7C619453E5B00177671 /* Frameworks */,
				CB50E7C719453E5B00177671 /* Resources */,
			);
			buildRules = (
			);
			dependencies = (
				CB50E7CB19453E5B00177671 /* PBXTargetDependency */,
			);
			name = OneDayTests;
			productName = OneDayTests;
			productReference = CB50E7C919453E5B00177671 /* OneDayTests.xctest */;
			productType = "com.apple.product-type.bundle.unit-test";
		};
/* End PBXNativeTarget section */

/* Begin PBXProject section */
		CB50E7AC19453E5B00177671 /* Project object */ = {
			isa = PBXProject;
			attributes = {
				LastUpgradeCheck = 0600;
				ORGANIZATIONNAME = onebox;
				TargetAttributes = {
					CB50E7B319453E5B00177671 = {
						CreatedOnToolsVersion = 6.0;
					};
					CB50E7C819453E5B00177671 = {
						CreatedOnToolsVersion = 6.0;
						TestTargetID = CB50E7B319453E5B00177671;
					};
				};
			};
			buildConfigurationList = CB50E7AF19453E5B00177671 /* Build configuration list for PBXProject "OneDay" */;
			compatibilityVersion = "Xcode 3.2";
			developmentRegion = English;
			hasScannedForEncodings = 0;
			knownRegions = (
				en,
				Base,
			);
			mainGroup = CB50E7AB19453E5B00177671;
			productRefGroup = CB50E7B519453E5B00177671 /* Products */;
			projectDirPath = "";
			projectRoot = "";
			targets = (
				CB50E7B319453E5B00177671 /* OneDay */,
				CB50E7C819453E5B00177671 /* OneDayTests */,
			);
		};
/* End PBXProject section */

/* Begin PBXResourcesBuildPhase section */
		CB50E7B219453E5B00177671 /* Resources */ = {
			isa = PBXResourcesBuildPhase;
			buildActionMask = 2147483647;
			files = (
				CB50E7C219453E5B00177671 /* Main.storyboard in Resources */,
				CB50E7C419453E5B00177671 /* Images.xcassets in Resources */,
			);
			runOnlyForDeploymentPostprocessing = 0;
		};
		CB50E7C719453E5B00177671 /* Resources */ = {
			isa = PBXResourcesBuildPhase;
			buildActionMask = 2147483647;
			files = (
			);
			runOnlyForDeploymentPostprocessing = 0;
		};
/* End PBXResourcesBuildPhase section */

/* Begin PBXSourcesBuildPhase section */
		CB50E7B019453E5B00177671 /* Sources */ = {
			isa = PBXSourcesBuildPhase;
			buildActionMask = 2147483647;
			files = (
				CB50E7BF19453E5B00177671 /* ViewController.swift in Sources */,
				CB50E7BA19453E5B00177671 /* AppDelegate.swift in Sources */,
				CB50E7BD19453E5B00177671 /* OneDay.xcdatamodeld in Sources */,
			);
			runOnlyForDeploymentPostprocessing = 0;
		};
		CB50E7C519453E5B00177671 /* Sources */ = {
			isa = PBXSourcesBuildPhase;
			buildActionMask = 2147483647;
			files = (
				CB50E7D019453E5B00177671 /* OneDayTests.swift in Sources */,
			);
			runOnlyForDeploymentPostprocessing = 0;
		};
/* End PBXSourcesBuildPhase section */

/* Begin PBXTargetDependency section */
		CB50E7CB19453E5B00177671 /* PBXTargetDependency */ = {
			isa = PBXTargetDependency;
			target = CB50E7B319453E5B00177671 /* OneDay */;
			targetProxy = CB50E7CA19453E5B00177671 /* PBXContainerItemProxy */;
		};
/* End PBXTargetDependency section */

/* Begin PBXVariantGroup section */
		CB50E7C019453E5B00177671 /* Main.storyboard */ = {
			isa = PBXVariantGroup;
			children = (
				CB50E7C119453E5B00177671 /* Base */,
			);
			name = Main.storyboard;
			sourceTree = "<group>";
		};
/* End PBXVariantGroup section */

/* Begin XCBuildConfiguration section */
		CB50E7D119453E5B00177671 /* Debug */ = {
			isa = XCBuildConfiguration;
			buildSettings = {
				ALWAYS_SEARCH_USER_PATHS = NO;
				CLANG_CXX_LANGUAGE_STANDARD = "gnu++0x";
				CLANG_CXX_LIBRARY = "libc++";
				CLANG_ENABLE_MODULES = YES;
				CLANG_ENABLE_OBJC_ARC = YES;
				CLANG_WARN_BOOL_CONVERSION = YES;
				CLANG_WARN_CONSTANT_CONVERSION = YES;
				CLANG_WARN_DIRECT_OBJC_ISA_USAGE = YES_ERROR;
				CLANG_WARN_EMPTY_BODY = YES;
				CLANG_WARN_ENUM_CONVERSION = YES;
				CLANG_WARN_INT_CONVERSION = YES;
				CLANG_WARN_OBJC_ROOT_CLASS = YES_ERROR;
				CLANG_WARN_UNREACHABLE_CODE = YES;
				CLANG_WARN__DUPLICATE_METHOD_MATCH = YES;
				"CODE_SIGN_IDENTITY[sdk=iphoneos*]" = "iPhone Developer";
				COPY_PHASE_STRIP = NO;
				ENABLE_STRICT_OBJC_MSGSEND = YES;
				GCC_C_LANGUAGE_STANDARD = gnu99;
				GCC_DYNAMIC_NO_PIC = NO;
				GCC_OPTIMIZATION_LEVEL = 0;
				GCC_PREPROCESSOR_DEFINITIONS = (
					"DEBUG=1",
					"$(inherited)",
				);
				GCC_SYMBOLS_PRIVATE_EXTERN = NO;
				GCC_WARN_64_TO_32_BIT_CONVERSION = YES;
				GCC_WARN_ABOUT_RETURN_TYPE = YES_ERROR;
				GCC_WARN_UNDECLARED_SELECTOR = YES;
				GCC_WARN_UNINITIALIZED_AUTOS = YES_AGGRESSIVE;
				GCC_WARN_UNUSED_FUNCTION = YES;
				GCC_WARN_UNUSED_VARIABLE = YES;
				IPHONEOS_DEPLOYMENT_TARGET = 8.0;
				METAL_ENABLE_DEBUG_INFO = YES;
				ONLY_ACTIVE_ARCH = YES;
				SDKROOT = iphoneos;
				SWIFT_OPTIMIZATION_LEVEL = "-Onone";
				TARGETED_DEVICE_FAMILY = "1,2";
			};
			name = Debug;
		};
		CB50E7D219453E5B00177671 /* Release */ = {
			isa = XCBuildConfiguration;
			buildSettings = {
				ALWAYS_SEARCH_USER_PATHS = NO;
				CLANG_CXX_LANGUAGE_STANDARD = "gnu++0x";
				CLANG_CXX_LIBRARY = "libc++";
				CLANG_ENABLE_MODULES = YES;
				CLANG_ENABLE_OBJC_ARC = YES;
				CLANG_WARN_BOOL_CONVERSION = YES;
				CLANG_WARN_CONSTANT_CONVERSION = YES;
				CLANG_WARN_DIRECT_OBJC_ISA_USAGE = YES_ERROR;
				CLANG_WARN_EMPTY_BODY = YES;
				CLANG_WARN_ENUM_CONVERSION = YES;
				CLANG_WARN_INT_CONVERSION = YES;
				CLANG_WARN_OBJC_ROOT_CLASS = YES_ERROR;
				CLANG_WARN_UNREACHABLE_CODE = YES;
				CLANG_WARN__DUPLICATE_METHOD_MATCH = YES;
				"CODE_SIGN_IDENTITY[sdk=iphoneos*]" = "iPhone Developer";
				COPY_PHASE_STRIP = YES;
				ENABLE_NS_ASSERTIONS = NO;
				ENABLE_STRICT_OBJC_MSGSEND = YES;
				GCC_C_LANGUAGE_STANDARD = gnu99;
				GCC_WARN_64_TO_32_BIT_CONVERSION = YES;
				GCC_WARN_ABOUT_RETURN_TYPE = YES_ERROR;
				GCC_WARN_UNDECLARED_SELECTOR = YES;
				GCC_WARN_UNINITIALIZED_AUTOS = YES_AGGRESSIVE;
				GCC_WARN_UNUSED_FUNCTION = YES;
				GCC_WARN_UNUSED_VARIABLE = YES;
				IPHONEOS_DEPLOYMENT_TARGET = 8.0;
				METAL_ENABLE_DEBUG_INFO = NO;
				SDKROOT = iphoneos;
				TARGETED_DEVICE_FAMILY = "1,2";
				VALIDATE_PRODUCT = YES;
			};
			name = Release;
		};
		CB50E7D419453E5B00177671 /* Debug */ = {
			isa = XCBuildConfiguration;
			buildSettings = {
				ASSETCATALOG_COMPILER_APPICON_NAME = AppIcon;
				ASSETCATALOG_COMPILER_LAUNCHIMAGE_NAME = LaunchImage;
				INFOPLIST_FILE = OneDay/Info.plist;
				LD_RUNPATH_SEARCH_PATHS = "$(inherited) @executable_path/Frameworks";
				PRODUCT_NAME = "$(TARGET_NAME)";
			};
			name = Debug;
		};
		CB50E7D519453E5B00177671 /* Release */ = {
			isa = XCBuildConfiguration;
			buildSettings = {
				ASSETCATALOG_COMPILER_APPICON_NAME = AppIcon;
				ASSETCATALOG_COMPILER_LAUNCHIMAGE_NAME = LaunchImage;
				INFOPLIST_FILE = OneDay/Info.plist;
				LD_RUNPATH_SEARCH_PATHS = "$(inherited) @executable_path/Frameworks";
				PRODUCT_NAME = "$(TARGET_NAME)";
			};
			name = Release;
		};
		CB50E7D719453E5B00177671 /* Debug */ = {
			isa = XCBuildConfiguration;
			buildSettings = {
				BUNDLE_LOADER = "$(BUILT_PRODUCTS_DIR)/OneDay.app/OneDay";
				FRAMEWORK_SEARCH_PATHS = (
					"$(SDKROOT)/Developer/Library/Frameworks",
					"$(inherited)",
				);
				GCC_PREPROCESSOR_DEFINITIONS = (
					"DEBUG=1",
					"$(inherited)",
				);
				INFOPLIST_FILE = OneDayTests/Info.plist;
				LD_RUNPATH_SEARCH_PATHS = "$(inherited) @executable_path/Frameworks @loader_path/Frameworks";
				METAL_ENABLE_DEBUG_INFO = YES;
				PRODUCT_NAME = "$(TARGET_NAME)";
				TEST_HOST = "$(BUNDLE_LOADER)";
			};
			name = Debug;
		};
		CB50E7D819453E5B00177671 /* Release */ = {
			isa = XCBuildConfiguration;
			buildSettings = {
				BUNDLE_LOADER = "$(BUILT_PRODUCTS_DIR)/OneDay.app/OneDay";
				FRAMEWORK_SEARCH_PATHS = (
					"$(SDKROOT)/Developer/Library/Frameworks",
					"$(inherited)",
				);
				INFOPLIST_FILE = OneDayTests/Info.plist;
				LD_RUNPATH_SEARCH_PATHS = "$(inherited) @executable_path/Frameworks @loader_path/Frameworks";
				METAL_ENABLE_DEBUG_INFO = NO;
				PRODUCT_NAME = "$(TARGET_NAME)";
				TEST_HOST = "$(BUNDLE_LOADER)";
			};
			name = Release;
		};
/* End XCBuildConfiguration section */

/* Begin XCConfigurationList section */
		CB50E7AF19453E5B00177671 /* Build configuration list for PBXProject "OneDay" */ = {
			isa = XCConfigurationList;
			buildConfigurations = (
				CB50E7D119453E5B00177671 /* Debug */,
				CB50E7D219453E5B00177671 /* Release */,
			);
			defaultConfigurationIsVisible = 0;
			defaultConfigurationName = Release;
		};
		CB50E7D319453E5B00177671 /* Build configuration list for PBXNativeTarget "OneDay" */ = {
			isa = XCConfigurationList;
			buildConfigurations = (
				CB50E7D419453E5B00177671 /* Debug */,
				CB50E7D519453E5B00177671 /* Release */,
			);
			defaultConfigurationIsVisible = 0;
		};
		CB50E7D619453E5B00177671 /* Build configuration list for PBXNativeTarget "OneDayTests" */ = {
			isa = XCConfigurationList;
			buildConfigurations = (
				CB50E7D719453E5B00177671 /* Debug */,
				CB50E7D819453E5B00177671 /* Release */,
			);
			defaultConfigurationIsVisible = 0;
		};
/* End XCConfigurationList section */

/* Begin XCVersionGroup section */
		CB50E7BB19453E5B00177671 /* OneDay.xcdatamodeld */ = {
			isa = XCVersionGroup;
			children = (
				CB50E7BC19453E5B00177671 /* OneDay.xcdatamodel */,
			);
			currentVersion = CB50E7BC19453E5B00177671 /* OneDay.xcdatamodel */;
			path = OneDay.xcdatamodeld;
			sourceTree = "<group>";
			versionGroupType = wrapper.xcdatamodel;
		};
/* End XCVersionGroup section */
	};
	rootObject = CB50E7AC19453E5B00177671 /* Project object */;
}
